
Microsoft Visual Studio Solution File, Format Version 12.00
# Visual Studio 2015
Project("{FAE04EC0-301F-11D3-BF4B-00C04F79EFBC}") = "Hex_Panels", "Hex_Panels.csproj", "{DDDC9161-D94E-658F-C6DA-D94C4ED64D9E}"
EndProject
Project("{FAE04EC0-301F-11D3-BF4B-00C04F79EFBC}") = "Hex_Panels.Editor", "Hex_Panels.Editor.csproj", "{D227084F-EC09-6667-F419-C416E0790875}"
EndProject
Global
	GlobalSection(SolutionConfigurationPlatforms) = preSolution
		Debug|Any CPU = Debug|Any CPU
		Release|Any CPU = Release|Any CPU
	EndGlobalSection
	GlobalSection(ProjectConfigurationPlatforms) = postSolution
		{DDDC9161-D94E-658F-C6DA-D94C4ED64D9E}.Debug|Any CPU.ActiveCfg = Debug|Any CPU
		{DDDC9161-D94E-658F-C6DA-D94C4ED64D9E}.Debug|Any CPU.Build.0 = Debug|Any CPU
		{DDDC9161-D94E-658F-C6DA-D94C4ED64D9E}.Release|Any CPU.ActiveCfg = Release|Any CPU
		{DDDC9161-D94E-658F-C6DA-D94C4ED64D9E}.Release|Any CPU.Build.0 = Release|Any CPU
		{D227084F-EC09-6667-F419-C416E0790875}.Debug|Any CPU.ActiveCfg = Debug|Any CPU
		{D227084F-EC09-6667-F419-C416E0790875}.Debug|Any CPU.Build.0 = Debug|Any CPU
		{D227084F-EC09-6667-F419-C416E0790875}.Release|Any CPU.ActiveCfg = Release|Any CPU
		{D227084F-EC09-6667-F419-C416E0790875}.Release|Any CPU.Build.0 = Release|Any CPU
	EndGlobalSection
	GlobalSection(SolutionProperties) = preSolution
		HideSolutionNode = FALSE
	EndGlobalSection
EndGlobal
