
Microsoft Visual Studio Solution File, Format Version 12.00
# Visual Studio 2015
Project("{FAE04EC0-301F-11D3-BF4B-00C04F79EFBC}") = "Hex_Panels - Copy", "Hex_Panels - Copy.csproj", "{939C51F0-1A67-CA8B-BDBB-3236B230092F}"
EndProject
Project("{FAE04EC0-301F-11D3-BF4B-00C04F79EFBC}") = "Hex_Panels - Copy.Editor", "Hex_Panels - Copy.Editor.csproj", "{A61B1BC4-0F5E-338F-A54A-59C1286CF1CF}"
EndProject
Global
	GlobalSection(SolutionConfigurationPlatforms) = preSolution
		Debug|Any CPU = Debug|Any CPU
		Release|Any CPU = Release|Any CPU
	EndGlobalSection
	GlobalSection(ProjectConfigurationPlatforms) = postSolution
		{939C51F0-1A67-CA8B-BDBB-3236B230092F}.Debug|Any CPU.ActiveCfg = Debug|Any CPU
		{939C51F0-1A67-CA8B-BDBB-3236B230092F}.Debug|Any CPU.Build.0 = Debug|Any CPU
		{939C51F0-1A67-CA8B-BDBB-3236B230092F}.Release|Any CPU.ActiveCfg = Release|Any CPU
		{939C51F0-1A67-CA8B-BDBB-3236B230092F}.Release|Any CPU.Build.0 = Release|Any CPU
		{A61B1BC4-0F5E-338F-A54A-59C1286CF1CF}.Debug|Any CPU.ActiveCfg = Debug|Any CPU
		{A61B1BC4-0F5E-338F-A54A-59C1286CF1CF}.Debug|Any CPU.Build.0 = Debug|Any CPU
		{A61B1BC4-0F5E-338F-A54A-59C1286CF1CF}.Release|Any CPU.ActiveCfg = Release|Any CPU
		{A61B1BC4-0F5E-338F-A54A-59C1286CF1CF}.Release|Any CPU.Build.0 = Release|Any CPU
	EndGlobalSection
	GlobalSection(SolutionProperties) = preSolution
		HideSolutionNode = FALSE
	EndGlobalSection
EndGlobal
