
Microsoft Visual Studio Solution File, Format Version 12.00
# Visual Studio 2015
Project("{FAE04EC0-301F-11D3-BF4B-00C04F79EFBC}") = "Hex_Panels - November - Gaze Control", "Hex_Panels - November - Gaze Control.csproj", "{B809110D-01C6-CF28-CA26-B7FFD62B5C0C}"
EndProject
Project("{FAE04EC0-301F-11D3-BF4B-00C04F79EFBC}") = "Hex_Panels - November - Gaze Control.Editor", "Hex_Panels - November - Gaze Control.Editor.csproj", "{6A185530-12AE-8D83-D66F-5AD31D85B973}"
EndProject
Global
	GlobalSection(SolutionConfigurationPlatforms) = preSolution
		Debug|Any CPU = Debug|Any CPU
		Release|Any CPU = Release|Any CPU
	EndGlobalSection
	GlobalSection(ProjectConfigurationPlatforms) = postSolution
		{B809110D-01C6-CF28-CA26-B7FFD62B5C0C}.Debug|Any CPU.ActiveCfg = Debug|Any CPU
		{B809110D-01C6-CF28-CA26-B7FFD62B5C0C}.Debug|Any CPU.Build.0 = Debug|Any CPU
		{B809110D-01C6-CF28-CA26-B7FFD62B5C0C}.Release|Any CPU.ActiveCfg = Release|Any CPU
		{B809110D-01C6-CF28-CA26-B7FFD62B5C0C}.Release|Any CPU.Build.0 = Release|Any CPU
		{6A185530-12AE-8D83-D66F-5AD31D85B973}.Debug|Any CPU.ActiveCfg = Debug|Any CPU
		{6A185530-12AE-8D83-D66F-5AD31D85B973}.Debug|Any CPU.Build.0 = Debug|Any CPU
		{6A185530-12AE-8D83-D66F-5AD31D85B973}.Release|Any CPU.ActiveCfg = Release|Any CPU
		{6A185530-12AE-8D83-D66F-5AD31D85B973}.Release|Any CPU.Build.0 = Release|Any CPU
	EndGlobalSection
	GlobalSection(SolutionProperties) = preSolution
		HideSolutionNode = FALSE
	EndGlobalSection
EndGlobal
