
Microsoft Visual Studio Solution File, Format Version 12.00
# Visual Studio 2015
Project("{FAE04EC0-301F-11D3-BF4B-00C04F79EFBC}") = "Hexagonal Panels Laser - With Texts", "Hexagonal Panels Laser - With Texts.csproj", "{CF929AF8-566D-534F-DEAD-D10BB2F88CB8}"
EndProject
Project("{FAE04EC0-301F-11D3-BF4B-00C04F79EFBC}") = "Hexagonal Panels Laser - With Texts.Editor", "Hexagonal Panels Laser - With Texts.Editor.csproj", "{566EA898-D5C6-F0BC-1D0D-E1F8379A1699}"
EndProject
Global
	GlobalSection(SolutionConfigurationPlatforms) = preSolution
		Debug|Any CPU = Debug|Any CPU
		Release|Any CPU = Release|Any CPU
	EndGlobalSection
	GlobalSection(ProjectConfigurationPlatforms) = postSolution
		{CF929AF8-566D-534F-DEAD-D10BB2F88CB8}.Debug|Any CPU.ActiveCfg = Debug|Any CPU
		{CF929AF8-566D-534F-DEAD-D10BB2F88CB8}.Debug|Any CPU.Build.0 = Debug|Any CPU
		{CF929AF8-566D-534F-DEAD-D10BB2F88CB8}.Release|Any CPU.ActiveCfg = Release|Any CPU
		{CF929AF8-566D-534F-DEAD-D10BB2F88CB8}.Release|Any CPU.Build.0 = Release|Any CPU
		{566EA898-D5C6-F0BC-1D0D-E1F8379A1699}.Debug|Any CPU.ActiveCfg = Debug|Any CPU
		{566EA898-D5C6-F0BC-1D0D-E1F8379A1699}.Debug|Any CPU.Build.0 = Debug|Any CPU
		{566EA898-D5C6-F0BC-1D0D-E1F8379A1699}.Release|Any CPU.ActiveCfg = Release|Any CPU
		{566EA898-D5C6-F0BC-1D0D-E1F8379A1699}.Release|Any CPU.Build.0 = Release|Any CPU
	EndGlobalSection
	GlobalSection(SolutionProperties) = preSolution
		HideSolutionNode = FALSE
	EndGlobalSection
EndGlobal
