
Microsoft Visual Studio Solution File, Format Version 12.00
# Visual Studio 2015
Project("{FAE04EC0-301F-11D3-BF4B-00C04F79EFBC}") = "Hexagonal Panels - Under Progress - New - Last", "Hexagonal Panels - Under Progress - New - Last.csproj", "{3EE9D216-D1D4-FD09-615A-AEF80487B072}"
EndProject
Project("{FAE04EC0-301F-11D3-BF4B-00C04F79EFBC}") = "Hexagonal Panels - Under Progress - New - Last.Editor", "Hexagonal Panels - Under Progress - New - Last.Editor.csproj", "{62572567-3BB8-200C-CF0F-9E4867A50DD6}"
EndProject
Global
	GlobalSection(SolutionConfigurationPlatforms) = preSolution
		Debug|Any CPU = Debug|Any CPU
		Release|Any CPU = Release|Any CPU
	EndGlobalSection
	GlobalSection(ProjectConfigurationPlatforms) = postSolution
		{3EE9D216-D1D4-FD09-615A-AEF80487B072}.Debug|Any CPU.ActiveCfg = Debug|Any CPU
		{3EE9D216-D1D4-FD09-615A-AEF80487B072}.Debug|Any CPU.Build.0 = Debug|Any CPU
		{3EE9D216-D1D4-FD09-615A-AEF80487B072}.Release|Any CPU.ActiveCfg = Release|Any CPU
		{3EE9D216-D1D4-FD09-615A-AEF80487B072}.Release|Any CPU.Build.0 = Release|Any CPU
		{62572567-3BB8-200C-CF0F-9E4867A50DD6}.Debug|Any CPU.ActiveCfg = Debug|Any CPU
		{62572567-3BB8-200C-CF0F-9E4867A50DD6}.Debug|Any CPU.Build.0 = Debug|Any CPU
		{62572567-3BB8-200C-CF0F-9E4867A50DD6}.Release|Any CPU.ActiveCfg = Release|Any CPU
		{62572567-3BB8-200C-CF0F-9E4867A50DD6}.Release|Any CPU.Build.0 = Release|Any CPU
	EndGlobalSection
	GlobalSection(SolutionProperties) = preSolution
		HideSolutionNode = FALSE
	EndGlobalSection
EndGlobal
